
Microsoft Visual Studio Solution File, Format Version 12.00
# Visual Studio Version 17
VisualStudioVersion = 17.4.33403.182
MinimumVisualStudioVersion = 10.0.40219.1
Project("{FAE04EC0-301F-11D3-BF4B-00C04F79EFBC}") = "ConsoleApp2", "ConsoleApp2\ConsoleApp2.csproj", "{03262597-F4CA-482A-96DF-8B8EE22DFE2A}"
EndProject
Global
	GlobalSection(SolutionConfigurationPlatforms) = preSolution
		Debug|Any CPU = Debug|Any CPU
		Release|Any CPU = Release|Any CPU
	EndGlobalSection
	GlobalSection(ProjectConfigurationPlatforms) = postSolution
		{03262597-F4CA-482A-96DF-8B8EE22DFE2A}.Debug|Any CPU.ActiveCfg = Debug|Any CPU
		{03262597-F4CA-482A-96DF-8B8EE22DFE2A}.Debug|Any CPU.Build.0 = Debug|Any CPU
		{03262597-F4CA-482A-96DF-8B8EE22DFE2A}.Release|Any CPU.ActiveCfg = Release|Any CPU
		{03262597-F4CA-482A-96DF-8B8EE22DFE2A}.Release|Any CPU.Build.0 = Release|Any CPU
	EndGlobalSection
	GlobalSection(SolutionProperties) = preSolution
		HideSolutionNode = FALSE
	EndGlobalSection
	GlobalSection(ExtensibilityGlobals) = postSolution
		SolutionGuid = {DFE896DE-A265-4F30-82F8-05411779A1C8}
	EndGlobalSection
EndGlobal
